
Microsoft Visual Studio Solution File, Format Version 12.00
# Visual Studio 15
VisualStudioVersion = 15.0.26124.0
MinimumVisualStudioVersion = 15.0.26124.0
Project("{FAE04EC0-301F-11D3-BF4B-00C04F79EFBC}") = "consotest", "consotest\consotest.csproj", "{2B2CB48D-F980-4CC7-9117-1407F503C847}"
EndProject
Project("{FAE04EC0-301F-11D3-BF4B-00C04F79EFBC}") = "libratest", "libratest\libratest.csproj", "{ED5018ED-C258-4F55-8383-D4EF50D08D7A}"
EndProject
Project("{FAE04EC0-301F-11D3-BF4B-00C04F79EFBC}") = "servelibratest", "servelibratest\servelibratest.csproj", "{37D4063F-B56B-4A02-BAFE-DA01806E8C49}"
EndProject
Global
	GlobalSection(SolutionConfigurationPlatforms) = preSolution
		Debug|Any CPU = Debug|Any CPU
		Debug|x64 = Debug|x64
		Debug|x86 = Debug|x86
		Release|Any CPU = Release|Any CPU
		Release|x64 = Release|x64
		Release|x86 = Release|x86
	EndGlobalSection
	GlobalSection(SolutionProperties) = preSolution
		HideSolutionNode = FALSE
	EndGlobalSection
	GlobalSection(ProjectConfigurationPlatforms) = postSolution
		{2B2CB48D-F980-4CC7-9117-1407F503C847}.Debug|Any CPU.ActiveCfg = Debug|Any CPU
		{2B2CB48D-F980-4CC7-9117-1407F503C847}.Debug|Any CPU.Build.0 = Debug|Any CPU
		{2B2CB48D-F980-4CC7-9117-1407F503C847}.Debug|x64.ActiveCfg = Debug|Any CPU
		{2B2CB48D-F980-4CC7-9117-1407F503C847}.Debug|x64.Build.0 = Debug|Any CPU
		{2B2CB48D-F980-4CC7-9117-1407F503C847}.Debug|x86.ActiveCfg = Debug|Any CPU
		{2B2CB48D-F980-4CC7-9117-1407F503C847}.Debug|x86.Build.0 = Debug|Any CPU
		{2B2CB48D-F980-4CC7-9117-1407F503C847}.Release|Any CPU.ActiveCfg = Release|Any CPU
		{2B2CB48D-F980-4CC7-9117-1407F503C847}.Release|Any CPU.Build.0 = Release|Any CPU
		{2B2CB48D-F980-4CC7-9117-1407F503C847}.Release|x64.ActiveCfg = Release|Any CPU
		{2B2CB48D-F980-4CC7-9117-1407F503C847}.Release|x64.Build.0 = Release|Any CPU
		{2B2CB48D-F980-4CC7-9117-1407F503C847}.Release|x86.ActiveCfg = Release|Any CPU
		{2B2CB48D-F980-4CC7-9117-1407F503C847}.Release|x86.Build.0 = Release|Any CPU
		{ED5018ED-C258-4F55-8383-D4EF50D08D7A}.Debug|Any CPU.ActiveCfg = Debug|Any CPU
		{ED5018ED-C258-4F55-8383-D4EF50D08D7A}.Debug|Any CPU.Build.0 = Debug|Any CPU
		{ED5018ED-C258-4F55-8383-D4EF50D08D7A}.Debug|x64.ActiveCfg = Debug|Any CPU
		{ED5018ED-C258-4F55-8383-D4EF50D08D7A}.Debug|x64.Build.0 = Debug|Any CPU
		{ED5018ED-C258-4F55-8383-D4EF50D08D7A}.Debug|x86.ActiveCfg = Debug|Any CPU
		{ED5018ED-C258-4F55-8383-D4EF50D08D7A}.Debug|x86.Build.0 = Debug|Any CPU
		{ED5018ED-C258-4F55-8383-D4EF50D08D7A}.Release|Any CPU.ActiveCfg = Release|Any CPU
		{ED5018ED-C258-4F55-8383-D4EF50D08D7A}.Release|Any CPU.Build.0 = Release|Any CPU
		{ED5018ED-C258-4F55-8383-D4EF50D08D7A}.Release|x64.ActiveCfg = Release|Any CPU
		{ED5018ED-C258-4F55-8383-D4EF50D08D7A}.Release|x64.Build.0 = Release|Any CPU
		{ED5018ED-C258-4F55-8383-D4EF50D08D7A}.Release|x86.ActiveCfg = Release|Any CPU
		{ED5018ED-C258-4F55-8383-D4EF50D08D7A}.Release|x86.Build.0 = Release|Any CPU
		{37D4063F-B56B-4A02-BAFE-DA01806E8C49}.Debug|Any CPU.ActiveCfg = Debug|Any CPU
		{37D4063F-B56B-4A02-BAFE-DA01806E8C49}.Debug|Any CPU.Build.0 = Debug|Any CPU
		{37D4063F-B56B-4A02-BAFE-DA01806E8C49}.Debug|x64.ActiveCfg = Debug|Any CPU
		{37D4063F-B56B-4A02-BAFE-DA01806E8C49}.Debug|x64.Build.0 = Debug|Any CPU
		{37D4063F-B56B-4A02-BAFE-DA01806E8C49}.Debug|x86.ActiveCfg = Debug|Any CPU
		{37D4063F-B56B-4A02-BAFE-DA01806E8C49}.Debug|x86.Build.0 = Debug|Any CPU
		{37D4063F-B56B-4A02-BAFE-DA01806E8C49}.Release|Any CPU.ActiveCfg = Release|Any CPU
		{37D4063F-B56B-4A02-BAFE-DA01806E8C49}.Release|Any CPU.Build.0 = Release|Any CPU
		{37D4063F-B56B-4A02-BAFE-DA01806E8C49}.Release|x64.ActiveCfg = Release|Any CPU
		{37D4063F-B56B-4A02-BAFE-DA01806E8C49}.Release|x64.Build.0 = Release|Any CPU
		{37D4063F-B56B-4A02-BAFE-DA01806E8C49}.Release|x86.ActiveCfg = Release|Any CPU
		{37D4063F-B56B-4A02-BAFE-DA01806E8C49}.Release|x86.Build.0 = Release|Any CPU
	EndGlobalSection
EndGlobal
